{
  "name": "Trend-Contest",
  "lockfileVersion": 3,
  "requires": true,
  "packages": {
    "": {
      "dependencies": {
        "slider-pro": "^1.6.2"
      }
    },
    "node_modules/slider-pro": {
      "version": "1.6.2",
      "resolved": "https://registry.npmjs.org/slider-pro/-/slider-pro-1.6.2.tgz",
      "integrity": "sha512-dYyyqUmacpIKLmXgBENtg4nBbSBIn1tYUrZelKbbayuPv+zhuQiGqJ0Nu/Jh7kpuIlY26mFJeQpvujvML9fPdA=="
    }
  }
}
